// !$*UTF8*$!
{
	archiveVersion = 1;
	classes = {
	};
	objectVersion = 50;
	objects = {

/* Begin PBXBuildFile section */
		46894E02228A555A005CE63B /* AppDelegate.swift in Sources */ = {isa = PBXBuildFile; fileRef = 46894E01228A555A005CE63B /* AppDelegate.swift */; };
		46894E04228A555A005CE63B /* ViewController.swift in Sources */ = {isa = PBXBuildFile; fileRef = 46894E03228A555A005CE63B /* ViewController.swift */; };
		46894E07228A555B005CE63B /* Main.storyboard in Resources */ = {isa = PBXBuildFile; fileRef = 46894E05228A555B005CE63B /* Main.storyboard */; };
		46894E09228A555E005CE63B /* Assets.xcassets in Resources */ = {isa = PBXBuildFile; fileRef = 46894E08228A555E005CE63B /* Assets.xcassets */; };
		46894E0C228A555E005CE63B /* LaunchScreen.storyboard in Resources */ = {isa = PBXBuildFile; fileRef = 46894E0A228A555E005CE63B /* LaunchScreen.storyboard */; };
		46EFB7CE22924BBB00AE05F0 /* AVFoundation.framework in Frameworks */ = {isa = PBXBuildFile; fileRef = 46EFB7CD22924BBB00AE05F0 /* AVFoundation.framework */; };
		46EFB7FA2292B67B00AE05F0 /* fin.mp3 in Resources */ = {isa = PBXBuildFile; fileRef = 46EFB7F92292B67B00AE05F0 /* fin.mp3 */; };
/* End PBXBuildFile section */

/* Begin PBXFileReference section */
		46894DFE228A555A005CE63B /* TestVibrate.app */ = {isa = PBXFileReference; explicitFileType = wrapper.application; includeInIndex = 0; path = TestVibrate.app; sourceTree = BUILT_PRODUCTS_DIR; };
		46894E01228A555A005CE63B /* AppDelegate.swift */ = {isa = PBXFileReference; lastKnownFileType = sourcecode.swift; path = AppDelegate.swift; sourceTree = "<group>"; };
		46894E03228A555A005CE63B /* ViewController.swift */ = {isa = PBXFileReference; lastKnownFileType = sourcecode.swift; path = ViewController.swift; sourceTree = "<group>"; };
		46894E06228A555B005CE63B /* Base */ = {isa = PBXFileReference; lastKnownFileType = file.storyboard; name = Base; path = Base.lproj/Main.storyboard; sourceTree = "<group>"; };
		46894E08228A555E005CE63B /* Assets.xcassets */ = {isa = PBXFileReference; lastKnownFileType = folder.assetcatalog; path = Assets.xcassets; sourceTree = "<group>"; };
		46894E0B228A555E005CE63B /* Base */ = {isa = PBXFileReference; lastKnownFileType = file.storyboard; name = Base; path = Base.lproj/LaunchScreen.storyboard; sourceTree = "<group>"; };
		46894E0D228A555E005CE63B /* Info.plist */ = {isa = PBXFileReference; lastKnownFileType = text.plist.xml; path = Info.plist; sourceTree = "<group>"; };
		46EFB7CD22924BBB00AE05F0 /* AVFoundation.framework */ = {isa = PBXFileReference; lastKnownFileType = wrapper.framework; name = AVFoundation.framework; path = System/Library/Frameworks/AVFoundation.framework; sourceTree = SDKROOT; };
		46EFB7F92292B67B00AE05F0 /* fin.mp3 */ = {isa = PBXFileReference; lastKnownFileType = audio.mp3; path = fin.mp3; sourceTree = "<group>"; };
/* End PBXFileReference section */

/* Begin PBXFrameworksBuildPhase section */
		46894DFB228A555A005CE63B /* Frameworks */ = {
			isa = PBXFrameworksBuildPhase;
			buildActionMask = 2147483647;
			files = (
				46EFB7CE22924BBB00AE05F0 /* AVFoundation.framework in Frameworks */,
			);
			runOnlyForDeploymentPostprocessing = 0;
		};
/* End PBXFrameworksBuildPhase section */

/* Begin PBXGroup section */
		46894DF5228A555A005CE63B = {
			isa = PBXGroup;
			children = (
				46894E00228A555A005CE63B /* ABall */,
				46894DFF228A555A005CE63B /* Products */,
				46EFB7CC22924BBB00AE05F0 /* Frameworks */,
			);
			sourceTree = "<group>";
		};
		46894DFF228A555A005CE63B /* Products */ = {
			isa = PBXGroup;
			children = (
				46894DFE228A555A005CE63B /* TestVibrate.app */,
			);
			name = Products;
			sourceTree = "<group>";
		};
		46894E00228A555A005CE63B /* ABall */ = {
			isa = PBXGroup;
			children = (
				46894E01228A555A005CE63B /* AppDelegate.swift */,
				46894E03228A555A005CE63B /* ViewController.swift */,
				46894E05228A555B005CE63B /* Main.storyboard */,
				46894E08228A555E005CE63B /* Assets.xcassets */,
				46894E0A228A555E005CE63B /* LaunchScreen.storyboard */,
				46894E0D228A555E005CE63B /* Info.plist */,
			);
			path = ABall;
			sourceTree = "<group>";
		};
		46EFB7CC22924BBB00AE05F0 /* Frameworks */ = {
			isa = PBXGroup;
			children = (
				46EFB7F92292B67B00AE05F0 /* fin.mp3 */,
				46EFB7CD22924BBB00AE05F0 /* AVFoundation.framework */,
			);
			name = Frameworks;
			sourceTree = "<group>";
		};
/* End PBXGroup section */

/* Begin PBXNativeTarget section */
		46894DFD228A555A005CE63B /* TestVibrate */ = {
			isa = PBXNativeTarget;
			buildConfigurationList = 46894E10228A555E005CE63B /* Build configuration list for PBXNativeTarget "TestVibrate" */;
			buildPhases = (
				46894DFA228A555A005CE63B /* Sources */,
				46894DFB228A555A005CE63B /* Frameworks */,
				46894DFC228A555A005CE63B /* Resources */,
			);
			buildRules = (
			);
			dependencies = (
			);
			name = TestVibrate;
			productName = TestVibrate;
			productReference = 46894DFE228A555A005CE63B /* TestVibrate.app */;
			productType = "com.apple.product-type.application";
		};
/* End PBXNativeTarget section */

/* Begin PBXProject section */
		46894DF6228A555A005CE63B /* Project object */ = {
			isa = PBXProject;
			attributes = {
				LastSwiftUpdateCheck = 1020;
				LastUpgradeCheck = 1020;
				ORGANIZATIONNAME = Underway;
				TargetAttributes = {
					46894DFD228A555A005CE63B = {
						CreatedOnToolsVersion = 10.2.1;
					};
				};
			};
			buildConfigurationList = 46894DF9228A555A005CE63B /* Build configuration list for PBXProject "ABall" */;
			compatibilityVersion = "Xcode 9.3";
			developmentRegion = en;
			hasScannedForEncodings = 0;
			knownRegions = (
				en,
				Base,
			);
			mainGroup = 46894DF5228A555A005CE63B;
			productRefGroup = 46894DFF228A555A005CE63B /* Products */;
			projectDirPath = "";
			projectRoot = "";
			targets = (
				46894DFD228A555A005CE63B /* TestVibrate */,
			);
		};
/* End PBXProject section */

/* Begin PBXResourcesBuildPhase section */
		46894DFC228A555A005CE63B /* Resources */ = {
			isa = PBXResourcesBuildPhase;
			buildActionMask = 2147483647;
			files = (
				46894E0C228A555E005CE63B /* LaunchScreen.storyboard in Resources */,
				46894E09228A555E005CE63B /* Assets.xcassets in Resources */,
				46894E07228A555B005CE63B /* Main.storyboard in Resources */,
				46EFB7FA2292B67B00AE05F0 /* fin.mp3 in Resources */,
			);
			runOnlyForDeploymentPostprocessing = 0;
		};
/* End PBXResourcesBuildPhase section */

/* Begin PBXSourcesBuildPhase section */
		46894DFA228A555A005CE63B /* Sources */ = {
			isa = PBXSourcesBuildPhase;
			buildActionMask = 2147483647;
			files = (
				46894E04228A555A005CE63B /* ViewController.swift in Sources */,
				46894E02228A555A005CE63B /* AppDelegate.swift in Sources */,
			);
			runOnlyForDeploymentPostprocessing = 0;
		};
/* End PBXSourcesBuildPhase section */

/* Begin PBXVariantGroup section */
		46894E05228A555B005CE63B /* Main.storyboard */ = {
			isa = PBXVariantGroup;
			children = (
				46894E06228A555B005CE63B /* Base */,
			);
			name = Main.storyboard;
			sourceTree = "<group>";
		};
		46894E0A228A555E005CE63B /* LaunchScreen.storyboard */ = {
			isa = PBXVariantGroup;
			children = (
				46894E0B228A555E005CE63B /* Base */,
			);
			name = LaunchScreen.storyboard;
			sourceTree = "<group>";
		};
/* End PBXVariantGroup section */

/* Begin XCBuildConfiguration section */
		46894E0E228A555E005CE63B /* Debug */ = {
			isa = XCBuildConfiguration;
			buildSettings = {
				ALWAYS_SEARCH_USER_PATHS = NO;
				CLANG_ANALYZER_NONNULL = YES;
				CLANG_ANALYZER_NUMBER_OBJECT_CONVERSION = YES_AGGRESSIVE;
				CLANG_CXX_LANGUAGE_STANDARD = "gnu++14";
				CLANG_CXX_LIBRARY = "libc++";
				CLANG_ENABLE_MODULES = YES;
				CLANG_ENABLE_OBJC_ARC = YES;
				CLANG_ENABLE_OBJC_WEAK = YES;
				CLANG_WARN_BLOCK_CAPTURE_AUTORELEASING = YES;
				CLANG_WARN_BOOL_CONVERSION = YES;
				CLANG_WARN_COMMA = YES;
				CLANG_WARN_CONSTANT_CONVERSION = YES;
				CLANG_WARN_DEPRECATED_OBJC_IMPLEMENTATIONS = YES;
				CLANG_WARN_DIRECT_OBJC_ISA_USAGE = YES_ERROR;
				CLANG_WARN_DOCUMENTATION_COMMENTS = YES;
				CLANG_WARN_EMPTY_BODY = YES;
				CLANG_WARN_ENUM_CONVERSION = YES;
				CLANG_WARN_INFINITE_RECURSION = YES;
				CLANG_WARN_INT_CONVERSION = YES;
				CLANG_WARN_NON_LITERAL_NULL_CONVERSION = YES;
				CLANG_WARN_OBJC_IMPLICIT_RETAIN_SELF = YES;
				CLANG_WARN_OBJC_LITERAL_CONVERSION = YES;
				CLANG_WARN_OBJC_ROOT_CLASS = YES_ERROR;
				CLANG_WARN_RANGE_LOOP_ANALYSIS = YES;
				CLANG_WARN_STRICT_PROTOTYPES = YES;
				CLANG_WARN_SUSPICIOUS_MOVE = YES;
				CLANG_WARN_UNGUARDED_AVAILABILITY = YES_AGGRESSIVE;
				CLANG_WARN_UNREACHABLE_CODE = YES;
				CLANG_WARN__DUPLICATE_METHOD_MATCH = YES;
				CODE_SIGN_IDENTITY = "iPhone Developer";
				COPY_PHASE_STRIP = NO;
				DEBUG_INFORMATION_FORMAT = dwarf;
				ENABLE_STRICT_OBJC_MSGSEND = YES;
				ENABLE_TESTABILITY = YES;
				GCC_C_LANGUAGE_STANDARD = gnu11;
				GCC_DYNAMIC_NO_PIC = NO;
				GCC_NO_COMMON_BLOCKS = YES;
				GCC_OPTIMIZATION_LEVEL = 0;
				GCC_PREPROCESSOR_DEFINITIONS = (
					"DEBUG=1",
					"$(inherited)",
				);
				GCC_WARN_64_TO_32_BIT_CONVERSION = YES;
				GCC_WARN_ABOUT_RETURN_TYPE = YES_ERROR;
				GCC_WARN_UNDECLARED_SELECTOR = YES;
				GCC_WARN_UNINITIALIZED_AUTOS = YES_AGGRESSIVE;
				GCC_WARN_UNUSED_FUNCTION = YES;
				GCC_WARN_UNUSED_VARIABLE = YES;
				IPHONEOS_DEPLOYMENT_TARGET = 12.2;
				MTL_ENABLE_DEBUG_INFO = INCLUDE_SOURCE;
				MTL_FAST_MATH = YES;
				ONLY_ACTIVE_ARCH = YES;
				SDKROOT = iphoneos;
				SWIFT_ACTIVE_COMPILATION_CONDITIONS = DEBUG;
				SWIFT_OPTIMIZATION_LEVEL = "-Onone";
			};
			name = Debug;
		};
		46894E0F228A555E005CE63B /* Release */ = {
			isa = XCBuildConfiguration;
			buildSettings = {
				ALWAYS_SEARCH_USER_PATHS = NO;
				CLANG_ANALYZER_NONNULL = YES;
				CLANG_ANALYZER_NUMBER_OBJECT_CONVERSION = YES_AGGRESSIVE;
				CLANG_CXX_LANGUAGE_STANDARD = "gnu++14";
				CLANG_CXX_LIBRARY = "libc++";
				CLANG_ENABLE_MODULES = YES;
				CLANG_ENABLE_OBJC_ARC = YES;
				CLANG_ENABLE_OBJC_WEAK = YES;
				CLANG_WARN_BLOCK_CAPTURE_AUTORELEASING = YES;
				CLANG_WARN_BOOL_CONVERSION = YES;
				CLANG_WARN_COMMA = YES;
				CLANG_WARN_CONSTANT_CONVERSION = YES;
				CLANG_WARN_DEPRECATED_OBJC_IMPLEMENTATIONS = YES;
				CLANG_WARN_DIRECT_OBJC_ISA_USAGE = YES_ERROR;
				CLANG_WARN_DOCUMENTATION_COMMENTS = YES;
				CLANG_WARN_EMPTY_BODY = YES;
				CLANG_WARN_ENUM_CONVERSION = YES;
				CLANG_WARN_INFINITE_RECURSION = YES;
				CLANG_WARN_INT_CONVERSION = YES;
				CLANG_WARN_NON_LITERAL_NULL_CONVERSION = YES;
				CLANG_WARN_OBJC_IMPLICIT_RETAIN_SELF = YES;
				CLANG_WARN_OBJC_LITERAL_CONVERSION = YES;
				CLANG_WARN_OBJC_ROOT_CLASS = YES_ERROR;
				CLANG_WARN_RANGE_LOOP_ANALYSIS = YES;
				CLANG_WARN_STRICT_PROTOTYPES = YES;
				CLANG_WARN_SUSPICIOUS_MOVE = YES;
				CLANG_WARN_UNGUARDED_AVAILABILITY = YES_AGGRESSIVE;
				CLANG_WARN_UNREACHABLE_CODE = YES;
				CLANG_WARN__DUPLICATE_METHOD_MATCH = YES;
				CODE_SIGN_IDENTITY = "iPhone Developer";
				COPY_PHASE_STRIP = NO;
				DEBUG_INFORMATION_FORMAT = "dwarf-with-dsym";
				ENABLE_NS_ASSERTIONS = NO;
				ENABLE_STRICT_OBJC_MSGSEND = YES;
				GCC_C_LANGUAGE_STANDARD = gnu11;
				GCC_NO_COMMON_BLOCKS = YES;
				GCC_WARN_64_TO_32_BIT_CONVERSION = YES;
				GCC_WARN_ABOUT_RETURN_TYPE = YES_ERROR;
				GCC_WARN_UNDECLARED_SELECTOR = YES;
				GCC_WARN_UNINITIALIZED_AUTOS = YES_AGGRESSIVE;
				GCC_WARN_UNUSED_FUNCTION = YES;
				GCC_WARN_UNUSED_VARIABLE = YES;
				IPHONEOS_DEPLOYMENT_TARGET = 12.2;
				MTL_ENABLE_DEBUG_INFO = NO;
				MTL_FAST_MATH = YES;
				SDKROOT = iphoneos;
				SWIFT_COMPILATION_MODE = wholemodule;
				SWIFT_OPTIMIZATION_LEVEL = "-O";
				VALIDATE_PRODUCT = YES;
			};
			name = Release;
		};
		46894E11228A555E005CE63B /* Debug */ = {
			isa = XCBuildConfiguration;
			buildSettings = {
				ASSETCATALOG_COMPILER_APPICON_NAME = AppIcon;
				CODE_SIGN_STYLE = Automatic;
				DEVELOPMENT_TEAM = P2H6AWX9CU;
				INFOPLIST_FILE = ABall/Info.plist;
				LD_RUNPATH_SEARCH_PATHS = (
					"$(inherited)",
					"@executable_path/Frameworks",
				);
				PRODUCT_BUNDLE_IDENTIFIER = com.underway.ABall;
				PRODUCT_NAME = "$(TARGET_NAME)";
				SWIFT_VERSION = 5.0;
				TARGETED_DEVICE_FAMILY = "1,2";
			};
			name = Debug;
		};
		46894E12228A555E005CE63B /* Release */ = {
			isa = XCBuildConfiguration;
			buildSettings = {
				ASSETCATALOG_COMPILER_APPICON_NAME = AppIcon;
				CODE_SIGN_STYLE = Automatic;
				DEVELOPMENT_TEAM = P2H6AWX9CU;
				INFOPLIST_FILE = ABall/Info.plist;
				LD_RUNPATH_SEARCH_PATHS = (
					"$(inherited)",
					"@executable_path/Frameworks",
				);
				PRODUCT_BUNDLE_IDENTIFIER = com.underway.ABall;
				PRODUCT_NAME = "$(TARGET_NAME)";
				SWIFT_VERSION = 5.0;
				TARGETED_DEVICE_FAMILY = "1,2";
			};
			name = Release;
		};
/* End XCBuildConfiguration section */

/* Begin XCConfigurationList section */
		46894DF9228A555A005CE63B /* Build configuration list for PBXProject "ABall" */ = {
			isa = XCConfigurationList;
			buildConfigurations = (
				46894E0E228A555E005CE63B /* Debug */,
				46894E0F228A555E005CE63B /* Release */,
			);
			defaultConfigurationIsVisible = 0;
			defaultConfigurationName = Release;
		};
		46894E10228A555E005CE63B /* Build configuration list for PBXNativeTarget "TestVibrate" */ = {
			isa = XCConfigurationList;
			buildConfigurations = (
				46894E11228A555E005CE63B /* Debug */,
				46894E12228A555E005CE63B /* Release */,
			);
			defaultConfigurationIsVisible = 0;
			defaultConfigurationName = Release;
		};
/* End XCConfigurationList section */
	};
	rootObject = 46894DF6228A555A005CE63B /* Project object */;
}
